// !$*UTF8*$!
{
	archiveVersion = 1;
	classes = {
	};
	objectVersion = 56;
	objects = {

/* Begin PBXBuildFile section */
		9223D25D2B483E94000BD846 /* AppDelegate.swift in Sources */ = {isa = PBXBuildFile; fileRef = 9223D25C2B483E94000BD846 /* AppDelegate.swift */; };
		9223D25F2B483E94000BD846 /* SceneDelegate.swift in Sources */ = {isa = PBXBuildFile; fileRef = 9223D25E2B483E94000BD846 /* SceneDelegate.swift */; };
		9223D2612B483E94000BD846 /* ViewController.swift in Sources */ = {isa = PBXBuildFile; fileRef = 9223D2602B483E94000BD846 /* ViewController.swift */; };
		9223D2642B483E94000BD846 /* Main.storyboard in Resources */ = {isa = PBXBuildFile; fileRef = 9223D2622B483E94000BD846 /* Main.storyboard */; };
		9223D2662B483E95000BD846 /* Assets.xcassets in Resources */ = {isa = PBXBuildFile; fileRef = 9223D2652B483E95000BD846 /* Assets.xcassets */; };
		9223D2692B483E95000BD846 /* LaunchScreen.storyboard in Resources */ = {isa = PBXBuildFile; fileRef = 9223D2672B483E95000BD846 /* LaunchScreen.storyboard */; };
		9223D27E2B49B6E3000BD846 /* picture-44-001.jpg in Resources */ = {isa = PBXBuildFile; fileRef = 9223D2752B49B6E3000BD846 /* picture-44-001.jpg */; };
		9223D27F2B49B6E3000BD846 /* picture-39.jpg in Resources */ = {isa = PBXBuildFile; fileRef = 9223D2762B49B6E3000BD846 /* picture-39.jpg */; };
		9223D2802B49B6E3000BD846 /* picture-38.jpg in Resources */ = {isa = PBXBuildFile; fileRef = 9223D2772B49B6E3000BD846 /* picture-38.jpg */; };
		9223D2812B49B6E3000BD846 /* picture-34.jpg in Resources */ = {isa = PBXBuildFile; fileRef = 9223D2782B49B6E3000BD846 /* picture-34.jpg */; };
		9223D2822B49B6E3000BD846 /* picture-37.jpg in Resources */ = {isa = PBXBuildFile; fileRef = 9223D2792B49B6E3000BD846 /* picture-37.jpg */; };
		9223D2832B49B6E3000BD846 /* picture-33.jpg in Resources */ = {isa = PBXBuildFile; fileRef = 9223D27A2B49B6E3000BD846 /* picture-33.jpg */; };
		9223D2842B49B6E3000BD846 /* picture-43.jpg in Resources */ = {isa = PBXBuildFile; fileRef = 9223D27B2B49B6E3000BD846 /* picture-43.jpg */; };
		9223D2852B49B6E3000BD846 /* picture-47.jpg in Resources */ = {isa = PBXBuildFile; fileRef = 9223D27C2B49B6E3000BD846 /* picture-47.jpg */; };
		9223D2862B49B6E3000BD846 /* picture-46.jpg in Resources */ = {isa = PBXBuildFile; fileRef = 9223D27D2B49B6E3000BD846 /* picture-46.jpg */; };
		9223D2882B49BA3B000BD846 /* ImageViewController.swift in Sources */ = {isa = PBXBuildFile; fileRef = 9223D2872B49BA3B000BD846 /* ImageViewController.swift */; };
/* End PBXBuildFile section */

/* Begin PBXFileReference section */
		9223D2592B483E94000BD846 /* Project1.app */ = {isa = PBXFileReference; explicitFileType = wrapper.application; includeInIndex = 0; path = Project1.app; sourceTree = BUILT_PRODUCTS_DIR; };
		9223D25C2B483E94000BD846 /* AppDelegate.swift */ = {isa = PBXFileReference; lastKnownFileType = sourcecode.swift; path = AppDelegate.swift; sourceTree = "<group>"; };
		9223D25E2B483E94000BD846 /* SceneDelegate.swift */ = {isa = PBXFileReference; lastKnownFileType = sourcecode.swift; path = SceneDelegate.swift; sourceTree = "<group>"; };
		9223D2602B483E94000BD846 /* ViewController.swift */ = {isa = PBXFileReference; lastKnownFileType = sourcecode.swift; path = ViewController.swift; sourceTree = "<group>"; };
		9223D2632B483E94000BD846 /* Base */ = {isa = PBXFileReference; lastKnownFileType = file.storyboard; name = Base; path = Base.lproj/Main.storyboard; sourceTree = "<group>"; };
		9223D2652B483E95000BD846 /* Assets.xcassets */ = {isa = PBXFileReference; lastKnownFileType = folder.assetcatalog; path = Assets.xcassets; sourceTree = "<group>"; };
		9223D2682B483E95000BD846 /* Base */ = {isa = PBXFileReference; lastKnownFileType = file.storyboard; name = Base; path = Base.lproj/LaunchScreen.storyboard; sourceTree = "<group>"; };
		9223D26A2B483E95000BD846 /* Info.plist */ = {isa = PBXFileReference; lastKnownFileType = text.plist.xml; path = Info.plist; sourceTree = "<group>"; };
		9223D2752B49B6E3000BD846 /* picture-44-001.jpg */ = {isa = PBXFileReference; lastKnownFileType = image.jpeg; path = "picture-44-001.jpg"; sourceTree = "<group>"; };
		9223D2762B49B6E3000BD846 /* picture-39.jpg */ = {isa = PBXFileReference; lastKnownFileType = image.jpeg; path = "picture-39.jpg"; sourceTree = "<group>"; };
		9223D2772B49B6E3000BD846 /* picture-38.jpg */ = {isa = PBXFileReference; lastKnownFileType = image.jpeg; path = "picture-38.jpg"; sourceTree = "<group>"; };
		9223D2782B49B6E3000BD846 /* picture-34.jpg */ = {isa = PBXFileReference; lastKnownFileType = image.jpeg; path = "picture-34.jpg"; sourceTree = "<group>"; };
		9223D2792B49B6E3000BD846 /* picture-37.jpg */ = {isa = PBXFileReference; lastKnownFileType = image.jpeg; path = "picture-37.jpg"; sourceTree = "<group>"; };
		9223D27A2B49B6E3000BD846 /* picture-33.jpg */ = {isa = PBXFileReference; lastKnownFileType = image.jpeg; path = "picture-33.jpg"; sourceTree = "<group>"; };
		9223D27B2B49B6E3000BD846 /* picture-43.jpg */ = {isa = PBXFileReference; lastKnownFileType = image.jpeg; path = "picture-43.jpg"; sourceTree = "<group>"; };
		9223D27C2B49B6E3000BD846 /* picture-47.jpg */ = {isa = PBXFileReference; lastKnownFileType = image.jpeg; path = "picture-47.jpg"; sourceTree = "<group>"; };
		9223D27D2B49B6E3000BD846 /* picture-46.jpg */ = {isa = PBXFileReference; lastKnownFileType = image.jpeg; path = "picture-46.jpg"; sourceTree = "<group>"; };
		9223D2872B49BA3B000BD846 /* ImageViewController.swift */ = {isa = PBXFileReference; lastKnownFileType = sourcecode.swift; path = ImageViewController.swift; sourceTree = "<group>"; };
/* End PBXFileReference section */

/* Begin PBXFrameworksBuildPhase section */
		9223D2562B483E94000BD846 /* Frameworks */ = {
			isa = PBXFrameworksBuildPhase;
			buildActionMask = 2147483647;
			files = (
			);
			runOnlyForDeploymentPostprocessing = 0;
		};
/* End PBXFrameworksBuildPhase section */

/* Begin PBXGroup section */
		9223D2502B483E94000BD846 = {
			isa = PBXGroup;
			children = (
				9223D25B2B483E94000BD846 /* Project1 */,
				9223D25A2B483E94000BD846 /* Products */,
			);
			sourceTree = "<group>";
		};
		9223D25A2B483E94000BD846 /* Products */ = {
			isa = PBXGroup;
			children = (
				9223D2592B483E94000BD846 /* Project1.app */,
			);
			name = Products;
			sourceTree = "<group>";
		};
		9223D25B2B483E94000BD846 /* Project1 */ = {
			isa = PBXGroup;
			children = (
				9223D2742B49B6E3000BD846 /* Images */,
				9223D25C2B483E94000BD846 /* AppDelegate.swift */,
				9223D25E2B483E94000BD846 /* SceneDelegate.swift */,
				9223D2602B483E94000BD846 /* ViewController.swift */,
				9223D2622B483E94000BD846 /* Main.storyboard */,
				9223D2652B483E95000BD846 /* Assets.xcassets */,
				9223D2672B483E95000BD846 /* LaunchScreen.storyboard */,
				9223D26A2B483E95000BD846 /* Info.plist */,
				9223D2872B49BA3B000BD846 /* ImageViewController.swift */,
			);
			path = Project1;
			sourceTree = "<group>";
		};
		9223D2742B49B6E3000BD846 /* Images */ = {
			isa = PBXGroup;
			children = (
				9223D2752B49B6E3000BD846 /* picture-44-001.jpg */,
				9223D2762B49B6E3000BD846 /* picture-39.jpg */,
				9223D2772B49B6E3000BD846 /* picture-38.jpg */,
				9223D2782B49B6E3000BD846 /* picture-34.jpg */,
				9223D2792B49B6E3000BD846 /* picture-37.jpg */,
				9223D27A2B49B6E3000BD846 /* picture-33.jpg */,
				9223D27B2B49B6E3000BD846 /* picture-43.jpg */,
				9223D27C2B49B6E3000BD846 /* picture-47.jpg */,
				9223D27D2B49B6E3000BD846 /* picture-46.jpg */,
			);
			path = Images;
			sourceTree = "<group>";
		};
/* End PBXGroup section */

/* Begin PBXNativeTarget section */
		9223D2582B483E94000BD846 /* Project1 */ = {
			isa = PBXNativeTarget;
			buildConfigurationList = 9223D26D2B483E95000BD846 /* Build configuration list for PBXNativeTarget "Project1" */;
			buildPhases = (
				9223D2552B483E94000BD846 /* Sources */,
				9223D2562B483E94000BD846 /* Frameworks */,
				9223D2572B483E94000BD846 /* Resources */,
			);
			buildRules = (
			);
			dependencies = (
			);
			name = Project1;
			productName = Project1;
			productReference = 9223D2592B483E94000BD846 /* Project1.app */;
			productType = "com.apple.product-type.application";
		};
/* End PBXNativeTarget section */

/* Begin PBXProject section */
		9223D2512B483E94000BD846 /* Project object */ = {
			isa = PBXProject;
			attributes = {
				BuildIndependentTargetsInParallel = 1;
				LastSwiftUpdateCheck = 1430;
				LastUpgradeCheck = 1430;
				TargetAttributes = {
					9223D2582B483E94000BD846 = {
						CreatedOnToolsVersion = 14.3;
					};
				};
			};
			buildConfigurationList = 9223D2542B483E94000BD846 /* Build configuration list for PBXProject "Project1" */;
			compatibilityVersion = "Xcode 14.0";
			developmentRegion = en;
			hasScannedForEncodings = 0;
			knownRegions = (
				en,
				Base,
			);
			mainGroup = 9223D2502B483E94000BD846;
			productRefGroup = 9223D25A2B483E94000BD846 /* Products */;
			projectDirPath = "";
			projectRoot = "";
			targets = (
				9223D2582B483E94000BD846 /* Project1 */,
			);
		};
/* End PBXProject section */

/* Begin PBXResourcesBuildPhase section */
		9223D2572B483E94000BD846 /* Resources */ = {
			isa = PBXResourcesBuildPhase;
			buildActionMask = 2147483647;
			files = (
				9223D2842B49B6E3000BD846 /* picture-43.jpg in Resources */,
				9223D2852B49B6E3000BD846 /* picture-47.jpg in Resources */,
				9223D2832B49B6E3000BD846 /* picture-33.jpg in Resources */,
				9223D27F2B49B6E3000BD846 /* picture-39.jpg in Resources */,
				9223D2812B49B6E3000BD846 /* picture-34.jpg in Resources */,
				9223D2692B483E95000BD846 /* LaunchScreen.storyboard in Resources */,
				9223D2662B483E95000BD846 /* Assets.xcassets in Resources */,
				9223D2862B49B6E3000BD846 /* picture-46.jpg in Resources */,
				9223D2642B483E94000BD846 /* Main.storyboard in Resources */,
				9223D2802B49B6E3000BD846 /* picture-38.jpg in Resources */,
				9223D27E2B49B6E3000BD846 /* picture-44-001.jpg in Resources */,
				9223D2822B49B6E3000BD846 /* picture-37.jpg in Resources */,
			);
			runOnlyForDeploymentPostprocessing = 0;
		};
/* End PBXResourcesBuildPhase section */

/* Begin PBXSourcesBuildPhase section */
		9223D2552B483E94000BD846 /* Sources */ = {
			isa = PBXSourcesBuildPhase;
			buildActionMask = 2147483647;
			files = (
				9223D2612B483E94000BD846 /* ViewController.swift in Sources */,
				9223D25D2B483E94000BD846 /* AppDelegate.swift in Sources */,
				9223D2882B49BA3B000BD846 /* ImageViewController.swift in Sources */,
				9223D25F2B483E94000BD846 /* SceneDelegate.swift in Sources */,
			);
			runOnlyForDeploymentPostprocessing = 0;
		};
/* End PBXSourcesBuildPhase section */

/* Begin PBXVariantGroup section */
		9223D2622B483E94000BD846 /* Main.storyboard */ = {
			isa = PBXVariantGroup;
			children = (
				9223D2632B483E94000BD846 /* Base */,
			);
			name = Main.storyboard;
			sourceTree = "<group>";
		};
		9223D2672B483E95000BD846 /* LaunchScreen.storyboard */ = {
			isa = PBXVariantGroup;
			children = (
				9223D2682B483E95000BD846 /* Base */,
			);
			name = LaunchScreen.storyboard;
			sourceTree = "<group>";
		};
/* End PBXVariantGroup section */

/* Begin XCBuildConfiguration section */
		9223D26B2B483E95000BD846 /* Debug */ = {
			isa = XCBuildConfiguration;
			buildSettings = {
				ALWAYS_SEARCH_USER_PATHS = NO;
				CLANG_ANALYZER_NONNULL = YES;
				CLANG_ANALYZER_NUMBER_OBJECT_CONVERSION = YES_AGGRESSIVE;
				CLANG_CXX_LANGUAGE_STANDARD = "gnu++20";
				CLANG_ENABLE_MODULES = YES;
				CLANG_ENABLE_OBJC_ARC = YES;
				CLANG_ENABLE_OBJC_WEAK = YES;
				CLANG_WARN_BLOCK_CAPTURE_AUTORELEASING = YES;
				CLANG_WARN_BOOL_CONVERSION = YES;
				CLANG_WARN_COMMA = YES;
				CLANG_WARN_CONSTANT_CONVERSION = YES;
				CLANG_WARN_DEPRECATED_OBJC_IMPLEMENTATIONS = YES;
				CLANG_WARN_DIRECT_OBJC_ISA_USAGE = YES_ERROR;
				CLANG_WARN_DOCUMENTATION_COMMENTS = YES;
				CLANG_WARN_EMPTY_BODY = YES;
				CLANG_WARN_ENUM_CONVERSION = YES;
				CLANG_WARN_INFINITE_RECURSION = YES;
				CLANG_WARN_INT_CONVERSION = YES;
				CLANG_WARN_NON_LITERAL_NULL_CONVERSION = YES;
				CLANG_WARN_OBJC_IMPLICIT_RETAIN_SELF = YES;
				CLANG_WARN_OBJC_LITERAL_CONVERSION = YES;
				CLANG_WARN_OBJC_ROOT_CLASS = YES_ERROR;
				CLANG_WARN_QUOTED_INCLUDE_IN_FRAMEWORK_HEADER = YES;
				CLANG_WARN_RANGE_LOOP_ANALYSIS = YES;
				CLANG_WARN_STRICT_PROTOTYPES = YES;
				CLANG_WARN_SUSPICIOUS_MOVE = YES;
				CLANG_WARN_UNGUARDED_AVAILABILITY = YES_AGGRESSIVE;
				CLANG_WARN_UNREACHABLE_CODE = YES;
				CLANG_WARN__DUPLICATE_METHOD_MATCH = YES;
				COPY_PHASE_STRIP = NO;
				DEBUG_INFORMATION_FORMAT = dwarf;
				ENABLE_STRICT_OBJC_MSGSEND = YES;
				ENABLE_TESTABILITY = YES;
				GCC_C_LANGUAGE_STANDARD = gnu11;
				GCC_DYNAMIC_NO_PIC = NO;
				GCC_NO_COMMON_BLOCKS = YES;
				GCC_OPTIMIZATION_LEVEL = 0;
				GCC_PREPROCESSOR_DEFINITIONS = (
					"DEBUG=1",
					"$(inherited)",
				);
				GCC_WARN_64_TO_32_BIT_CONVERSION = YES;
				GCC_WARN_ABOUT_RETURN_TYPE = YES_ERROR;
				GCC_WARN_UNDECLARED_SELECTOR = YES;
				GCC_WARN_UNINITIALIZED_AUTOS = YES_AGGRESSIVE;
				GCC_WARN_UNUSED_FUNCTION = YES;
				GCC_WARN_UNUSED_VARIABLE = YES;
				IPHONEOS_DEPLOYMENT_TARGET = 16.4;
				MTL_ENABLE_DEBUG_INFO = INCLUDE_SOURCE;
				MTL_FAST_MATH = YES;
				ONLY_ACTIVE_ARCH = YES;
				SDKROOT = iphoneos;
				SWIFT_ACTIVE_COMPILATION_CONDITIONS = DEBUG;
				SWIFT_OPTIMIZATION_LEVEL = "-Onone";
			};
			name = Debug;
		};
		9223D26C2B483E95000BD846 /* Release */ = {
			isa = XCBuildConfiguration;
			buildSettings = {
				ALWAYS_SEARCH_USER_PATHS = NO;
				CLANG_ANALYZER_NONNULL = YES;
				CLANG_ANALYZER_NUMBER_OBJECT_CONVERSION = YES_AGGRESSIVE;
				CLANG_CXX_LANGUAGE_STANDARD = "gnu++20";
				CLANG_ENABLE_MODULES = YES;
				CLANG_ENABLE_OBJC_ARC = YES;
				CLANG_ENABLE_OBJC_WEAK = YES;
				CLANG_WARN_BLOCK_CAPTURE_AUTORELEASING = YES;
				CLANG_WARN_BOOL_CONVERSION = YES;
				CLANG_WARN_COMMA = YES;
				CLANG_WARN_CONSTANT_CONVERSION = YES;
				CLANG_WARN_DEPRECATED_OBJC_IMPLEMENTATIONS = YES;
				CLANG_WARN_DIRECT_OBJC_ISA_USAGE = YES_ERROR;
				CLANG_WARN_DOCUMENTATION_COMMENTS = YES;
				CLANG_WARN_EMPTY_BODY = YES;
				CLANG_WARN_ENUM_CONVERSION = YES;
				CLANG_WARN_INFINITE_RECURSION = YES;
				CLANG_WARN_INT_CONVERSION = YES;
				CLANG_WARN_NON_LITERAL_NULL_CONVERSION = YES;
				CLANG_WARN_OBJC_IMPLICIT_RETAIN_SELF = YES;
				CLANG_WARN_OBJC_LITERAL_CONVERSION = YES;
				CLANG_WARN_OBJC_ROOT_CLASS = YES_ERROR;
				CLANG_WARN_QUOTED_INCLUDE_IN_FRAMEWORK_HEADER = YES;
				CLANG_WARN_RANGE_LOOP_ANALYSIS = YES;
				CLANG_WARN_STRICT_PROTOTYPES = YES;
				CLANG_WARN_SUSPICIOUS_MOVE = YES;
				CLANG_WARN_UNGUARDED_AVAILABILITY = YES_AGGRESSIVE;
				CLANG_WARN_UNREACHABLE_CODE = YES;
				CLANG_WARN__DUPLICATE_METHOD_MATCH = YES;
				COPY_PHASE_STRIP = NO;
				DEBUG_INFORMATION_FORMAT = "dwarf-with-dsym";
				ENABLE_NS_ASSERTIONS = NO;
				ENABLE_STRICT_OBJC_MSGSEND = YES;
				GCC_C_LANGUAGE_STANDARD = gnu11;
				GCC_NO_COMMON_BLOCKS = YES;
				GCC_WARN_64_TO_32_BIT_CONVERSION = YES;
				GCC_WARN_ABOUT_RETURN_TYPE = YES_ERROR;
				GCC_WARN_UNDECLARED_SELECTOR = YES;
				GCC_WARN_UNINITIALIZED_AUTOS = YES_AGGRESSIVE;
				GCC_WARN_UNUSED_FUNCTION = YES;
				GCC_WARN_UNUSED_VARIABLE = YES;
				IPHONEOS_DEPLOYMENT_TARGET = 16.4;
				MTL_ENABLE_DEBUG_INFO = NO;
				MTL_FAST_MATH = YES;
				SDKROOT = iphoneos;
				SWIFT_COMPILATION_MODE = wholemodule;
				SWIFT_OPTIMIZATION_LEVEL = "-O";
				VALIDATE_PRODUCT = YES;
			};
			name = Release;
		};
		9223D26E2B483E95000BD846 /* Debug */ = {
			isa = XCBuildConfiguration;
			buildSettings = {
				ASSETCATALOG_COMPILER_APPICON_NAME = AppIcon;
				ASSETCATALOG_COMPILER_GLOBAL_ACCENT_COLOR_NAME = AccentColor;
				CODE_SIGN_STYLE = Automatic;
				CURRENT_PROJECT_VERSION = 1;
				DEVELOPMENT_TEAM = 6QJ83977FH;
				GENERATE_INFOPLIST_FILE = YES;
				INFOPLIST_FILE = Project1/Info.plist;
				INFOPLIST_KEY_UIApplicationSupportsIndirectInputEvents = YES;
				INFOPLIST_KEY_UILaunchStoryboardName = LaunchScreen;
				INFOPLIST_KEY_UIMainStoryboardFile = Main;
				INFOPLIST_KEY_UISupportedInterfaceOrientations_iPad = "UIInterfaceOrientationPortrait UIInterfaceOrientationPortraitUpsideDown UIInterfaceOrientationLandscapeLeft UIInterfaceOrientationLandscapeRight";
				INFOPLIST_KEY_UISupportedInterfaceOrientations_iPhone = "UIInterfaceOrientationPortrait UIInterfaceOrientationLandscapeLeft UIInterfaceOrientationLandscapeRight";
				LD_RUNPATH_SEARCH_PATHS = (
					"$(inherited)",
					"@executable_path/Frameworks",
				);
				MARKETING_VERSION = 1.0;
				PRODUCT_BUNDLE_IDENTIFIER = com.aharon.Project1;
				PRODUCT_NAME = "$(TARGET_NAME)";
				SWIFT_EMIT_LOC_STRINGS = YES;
				SWIFT_VERSION = 5.0;
				TARGETED_DEVICE_FAMILY = "1,2";
			};
			name = Debug;
		};
		9223D26F2B483E95000BD846 /* Release */ = {
			isa = XCBuildConfiguration;
			buildSettings = {
				ASSETCATALOG_COMPILER_APPICON_NAME = AppIcon;
				ASSETCATALOG_COMPILER_GLOBAL_ACCENT_COLOR_NAME = AccentColor;
				CODE_SIGN_STYLE = Automatic;
				CURRENT_PROJECT_VERSION = 1;
				DEVELOPMENT_TEAM = 6QJ83977FH;
				GENERATE_INFOPLIST_FILE = YES;
				INFOPLIST_FILE = Project1/Info.plist;
				INFOPLIST_KEY_UIApplicationSupportsIndirectInputEvents = YES;
				INFOPLIST_KEY_UILaunchStoryboardName = LaunchScreen;
				INFOPLIST_KEY_UIMainStoryboardFile = Main;
				INFOPLIST_KEY_UISupportedInterfaceOrientations_iPad = "UIInterfaceOrientationPortrait UIInterfaceOrientationPortraitUpsideDown UIInterfaceOrientationLandscapeLeft UIInterfaceOrientationLandscapeRight";
				INFOPLIST_KEY_UISupportedInterfaceOrientations_iPhone = "UIInterfaceOrientationPortrait UIInterfaceOrientationLandscapeLeft UIInterfaceOrientationLandscapeRight";
				LD_RUNPATH_SEARCH_PATHS = (
					"$(inherited)",
					"@executable_path/Frameworks",
				);
				MARKETING_VERSION = 1.0;
				PRODUCT_BUNDLE_IDENTIFIER = com.aharon.Project1;
				PRODUCT_NAME = "$(TARGET_NAME)";
				SWIFT_EMIT_LOC_STRINGS = YES;
				SWIFT_VERSION = 5.0;
				TARGETED_DEVICE_FAMILY = "1,2";
			};
			name = Release;
		};
/* End XCBuildConfiguration section */

/* Begin XCConfigurationList section */
		9223D2542B483E94000BD846 /* Build configuration list for PBXProject "Project1" */ = {
			isa = XCConfigurationList;
			buildConfigurations = (
				9223D26B2B483E95000BD846 /* Debug */,
				9223D26C2B483E95000BD846 /* Release */,
			);
			defaultConfigurationIsVisible = 0;
			defaultConfigurationName = Release;
		};
		9223D26D2B483E95000BD846 /* Build configuration list for PBXNativeTarget "Project1" */ = {
			isa = XCConfigurationList;
			buildConfigurations = (
				9223D26E2B483E95000BD846 /* Debug */,
				9223D26F2B483E95000BD846 /* Release */,
			);
			defaultConfigurationIsVisible = 0;
			defaultConfigurationName = Release;
		};
/* End XCConfigurationList section */
	};
	rootObject = 9223D2512B483E94000BD846 /* Project object */;
}
